// !$*UTF8*$!
{
	archiveVersion = 1;
	classes = {
	};
	objectVersion = 77;
	objects = {

/* Begin PBXBuildFile section */
		C911F83A2DDAF28300C2DF89 /* SwiftJWT in Frameworks */ = {isa = PBXBuildFile; productRef = C911F8392DDAF28300C2DF89 /* SwiftJWT */; };
		C96367EE2DDF10AB0050FA26 /* Nuke in Frameworks */ = {isa = PBXBuildFile; productRef = C96367ED2DDF10AB0050FA26 /* Nuke */; };
		C96367F02DDF10AB0050FA26 /* NukeUI in Frameworks */ = {isa = PBXBuildFile; productRef = C96367EF2DDF10AB0050FA26 /* NukeUI */; };
		C96368DF2DDF6B090050FA26 /* NukeAlamofirePlugin in Frameworks */ = {isa = PBXBuildFile; productRef = C96368DE2DDF6B090050FA26 /* NukeAlamofirePlugin */; };
		C96368E42DE076F20050FA26 /* IdentifiedCollections in Frameworks */ = {isa = PBXBuildFile; productRef = C96368E32DE076F20050FA26 /* IdentifiedCollections */; };
		C96803C42E00099300A37605 /* iamport-ios in Frameworks */ = {isa = PBXBuildFile; productRef = C96803C32E00099300A37605 /* iamport-ios */; };
		C9D67FB52DD072340097A10C /* Alamofire in Frameworks */ = {isa = PBXBuildFile; productRef = C9D67FB42DD072340097A10C /* Alamofire */; };
		C9D67FB82DD072C30097A10C /* KakaoSDKAuth in Frameworks */ = {isa = PBXBuildFile; productRef = C9D67FB72DD072C30097A10C /* KakaoSDKAuth */; };
		C9D67FBA2DD072C30097A10C /* KakaoSDKCommon in Frameworks */ = {isa = PBXBuildFile; productRef = C9D67FB92DD072C30097A10C /* KakaoSDKCommon */; };
		C9D67FBC2DD072C30097A10C /* KakaoSDKUser in Frameworks */ = {isa = PBXBuildFile; productRef = C9D67FBB2DD072C30097A10C /* KakaoSDKUser */; };
/* End PBXBuildFile section */

/* Begin PBXFileReference section */
		C9D67F992DD060C00097A10C /* Filtee.app */ = {isa = PBXFileReference; explicitFileType = wrapper.application; includeInIndex = 0; path = Filtee.app; sourceTree = BUILT_PRODUCTS_DIR; };
/* End PBXFileReference section */

/* Begin PBXFileSystemSynchronizedBuildFileExceptionSet section */
		C9D67FAD2DD06C460097A10C /* Exceptions for "Filtee" folder in "Filtee" target */ = {
			isa = PBXFileSystemSynchronizedBuildFileExceptionSet;
			membershipExceptions = (
				Info.plist,
			);
			target = C9D67F982DD060C00097A10C /* Filtee */;
		};
/* End PBXFileSystemSynchronizedBuildFileExceptionSet section */

/* Begin PBXFileSystemSynchronizedRootGroup section */
		C9D67F9B2DD060C00097A10C /* Filtee */ = {
			isa = PBXFileSystemSynchronizedRootGroup;
			exceptions = (
				C9D67FAD2DD06C460097A10C /* Exceptions for "Filtee" folder in "Filtee" target */,
			);
			path = Filtee;
			sourceTree = "<group>";
		};
/* End PBXFileSystemSynchronizedRootGroup section */

/* Begin PBXFrameworksBuildPhase section */
		C9D67F962DD060C00097A10C /* Frameworks */ = {
			isa = PBXFrameworksBuildPhase;
			buildActionMask = 2147483647;
			files = (
				C96368E42DE076F20050FA26 /* IdentifiedCollections in Frameworks */,
				C9D67FBC2DD072C30097A10C /* KakaoSDKUser in Frameworks */,
				C96367F02DDF10AB0050FA26 /* NukeUI in Frameworks */,
				C9D67FB52DD072340097A10C /* Alamofire in Frameworks */,
				C9D67FBA2DD072C30097A10C /* KakaoSDKCommon in Frameworks */,
				C96803C42E00099300A37605 /* iamport-ios in Frameworks */,
				C96367EE2DDF10AB0050FA26 /* Nuke in Frameworks */,
				C96368DF2DDF6B090050FA26 /* NukeAlamofirePlugin in Frameworks */,
				C911F83A2DDAF28300C2DF89 /* SwiftJWT in Frameworks */,
				C9D67FB82DD072C30097A10C /* KakaoSDKAuth in Frameworks */,
			);
			runOnlyForDeploymentPostprocessing = 0;
		};
/* End PBXFrameworksBuildPhase section */

/* Begin PBXGroup section */
		C9D67F902DD060C00097A10C = {
			isa = PBXGroup;
			children = (
				C9D67F9B2DD060C00097A10C /* Filtee */,
				C9D67F9A2DD060C00097A10C /* Products */,
			);
			sourceTree = "<group>";
		};
		C9D67F9A2DD060C00097A10C /* Products */ = {
			isa = PBXGroup;
			children = (
				C9D67F992DD060C00097A10C /* Filtee.app */,
			);
			name = Products;
			sourceTree = "<group>";
		};
/* End PBXGroup section */

/* Begin PBXNativeTarget section */
		C9D67F982DD060C00097A10C /* Filtee */ = {
			isa = PBXNativeTarget;
			buildConfigurationList = C9D67FA72DD060C10097A10C /* Build configuration list for PBXNativeTarget "Filtee" */;
			buildPhases = (
				C9D67F952DD060C00097A10C /* Sources */,
				C9D67F962DD060C00097A10C /* Frameworks */,
				C9D67F972DD060C00097A10C /* Resources */,
			);
			buildRules = (
			);
			dependencies = (
			);
			fileSystemSynchronizedGroups = (
				C9D67F9B2DD060C00097A10C /* Filtee */,
			);
			name = Filtee;
			packageProductDependencies = (
				C9D67FB42DD072340097A10C /* Alamofire */,
				C9D67FB72DD072C30097A10C /* KakaoSDKAuth */,
				C9D67FB92DD072C30097A10C /* KakaoSDKCommon */,
				C9D67FBB2DD072C30097A10C /* KakaoSDKUser */,
				C911F8392DDAF28300C2DF89 /* SwiftJWT */,
				C96367ED2DDF10AB0050FA26 /* Nuke */,
				C96367EF2DDF10AB0050FA26 /* NukeUI */,
				C96368DE2DDF6B090050FA26 /* NukeAlamofirePlugin */,
				C96368E32DE076F20050FA26 /* IdentifiedCollections */,
				C96803C32E00099300A37605 /* iamport-ios */,
			);
			productName = Filtee;
			productReference = C9D67F992DD060C00097A10C /* Filtee.app */;
			productType = "com.apple.product-type.application";
		};
/* End PBXNativeTarget section */

/* Begin PBXProject section */
		C9D67F912DD060C00097A10C /* Project object */ = {
			isa = PBXProject;
			attributes = {
				BuildIndependentTargetsInParallel = 1;
				LastSwiftUpdateCheck = 1600;
				LastUpgradeCheck = 1600;
				TargetAttributes = {
					C9D67F982DD060C00097A10C = {
						CreatedOnToolsVersion = 16.0;
					};
				};
			};
			buildConfigurationList = C9D67F942DD060C00097A10C /* Build configuration list for PBXProject "Filtee" */;
			developmentRegion = ko;
			hasScannedForEncodings = 0;
			knownRegions = (
				en,
				Base,
				ko,
			);
			mainGroup = C9D67F902DD060C00097A10C;
			minimizedProjectReferenceProxies = 1;
			packageReferences = (
				C9D67FB32DD072340097A10C /* XCRemoteSwiftPackageReference "Alamofire" */,
				C9D67FB62DD072C30097A10C /* XCRemoteSwiftPackageReference "kakao-ios-sdk" */,
				C911F8382DDAF28300C2DF89 /* XCRemoteSwiftPackageReference "Swift-JWT" */,
				C96367EC2DDF10AB0050FA26 /* XCRemoteSwiftPackageReference "Nuke" */,
				C96368DD2DDF6B090050FA26 /* XCRemoteSwiftPackageReference "Nuke-Alamofire-Plugin" */,
				C96368E22DE076F10050FA26 /* XCRemoteSwiftPackageReference "swift-identified-collections" */,
				C96803C22E00099300A37605 /* XCRemoteSwiftPackageReference "iamport-ios" */,
			);
			preferredProjectObjectVersion = 77;
			productRefGroup = C9D67F9A2DD060C00097A10C /* Products */;
			projectDirPath = "";
			projectRoot = "";
			targets = (
				C9D67F982DD060C00097A10C /* Filtee */,
			);
		};
/* End PBXProject section */

/* Begin PBXResourcesBuildPhase section */
		C9D67F972DD060C00097A10C /* Resources */ = {
			isa = PBXResourcesBuildPhase;
			buildActionMask = 2147483647;
			files = (
			);
			runOnlyForDeploymentPostprocessing = 0;
		};
/* End PBXResourcesBuildPhase section */

/* Begin PBXSourcesBuildPhase section */
		C9D67F952DD060C00097A10C /* Sources */ = {
			isa = PBXSourcesBuildPhase;
			buildActionMask = 2147483647;
			files = (
			);
			runOnlyForDeploymentPostprocessing = 0;
		};
/* End PBXSourcesBuildPhase section */

/* Begin XCBuildConfiguration section */
		C9D67FA52DD060C10097A10C /* Debug */ = {
			isa = XCBuildConfiguration;
			baseConfigurationReferenceAnchor = C9D67F9B2DD060C00097A10C /* Filtee */;
			baseConfigurationReferenceRelativePath = Secrets.xcconfig;
			buildSettings = {
				ALWAYS_SEARCH_USER_PATHS = NO;
				ASSETCATALOG_COMPILER_GENERATE_SWIFT_ASSET_SYMBOL_EXTENSIONS = YES;
				CLANG_ANALYZER_NONNULL = YES;
				CLANG_ANALYZER_NUMBER_OBJECT_CONVERSION = YES_AGGRESSIVE;
				CLANG_CXX_LANGUAGE_STANDARD = "gnu++20";
				CLANG_ENABLE_MODULES = YES;
				CLANG_ENABLE_OBJC_ARC = YES;
				CLANG_ENABLE_OBJC_WEAK = YES;
				CLANG_WARN_BLOCK_CAPTURE_AUTORELEASING = YES;
				CLANG_WARN_BOOL_CONVERSION = YES;
				CLANG_WARN_COMMA = YES;
				CLANG_WARN_CONSTANT_CONVERSION = YES;
				CLANG_WARN_DEPRECATED_OBJC_IMPLEMENTATIONS = YES;
				CLANG_WARN_DIRECT_OBJC_ISA_USAGE = YES_ERROR;
				CLANG_WARN_DOCUMENTATION_COMMENTS = YES;
				CLANG_WARN_EMPTY_BODY = YES;
				CLANG_WARN_ENUM_CONVERSION = YES;
				CLANG_WARN_INFINITE_RECURSION = YES;
				CLANG_WARN_INT_CONVERSION = YES;
				CLANG_WARN_NON_LITERAL_NULL_CONVERSION = YES;
				CLANG_WARN_OBJC_IMPLICIT_RETAIN_SELF = YES;
				CLANG_WARN_OBJC_LITERAL_CONVERSION = YES;
				CLANG_WARN_OBJC_ROOT_CLASS = YES_ERROR;
				CLANG_WARN_QUOTED_INCLUDE_IN_FRAMEWORK_HEADER = YES;
				CLANG_WARN_RANGE_LOOP_ANALYSIS = YES;
				CLANG_WARN_STRICT_PROTOTYPES = YES;
				CLANG_WARN_SUSPICIOUS_MOVE = YES;
				CLANG_WARN_UNGUARDED_AVAILABILITY = YES_AGGRESSIVE;
				CLANG_WARN_UNREACHABLE_CODE = YES;
				CLANG_WARN__DUPLICATE_METHOD_MATCH = YES;
				COPY_PHASE_STRIP = NO;
				DEBUG_INFORMATION_FORMAT = dwarf;
				ENABLE_STRICT_OBJC_MSGSEND = YES;
				ENABLE_TESTABILITY = YES;
				ENABLE_USER_SCRIPT_SANDBOXING = YES;
				GCC_C_LANGUAGE_STANDARD = gnu17;
				GCC_DYNAMIC_NO_PIC = NO;
				GCC_NO_COMMON_BLOCKS = YES;
				GCC_OPTIMIZATION_LEVEL = 0;
				GCC_PREPROCESSOR_DEFINITIONS = (
					"DEBUG=1",
					"$(inherited)",
				);
				GCC_WARN_64_TO_32_BIT_CONVERSION = YES;
				GCC_WARN_ABOUT_RETURN_TYPE = YES_ERROR;
				GCC_WARN_UNDECLARED_SELECTOR = YES;
				GCC_WARN_UNINITIALIZED_AUTOS = YES_AGGRESSIVE;
				GCC_WARN_UNUSED_FUNCTION = YES;
				GCC_WARN_UNUSED_VARIABLE = YES;
				IPHONEOS_DEPLOYMENT_TARGET = 18.0;
				LOCALIZATION_PREFERS_STRING_CATALOGS = YES;
				MTL_ENABLE_DEBUG_INFO = INCLUDE_SOURCE;
				MTL_FAST_MATH = YES;
				ONLY_ACTIVE_ARCH = YES;
				SDKROOT = iphoneos;
				SWIFT_ACTIVE_COMPILATION_CONDITIONS = "DEBUG $(inherited)";
				SWIFT_OPTIMIZATION_LEVEL = "-Onone";
			};
			name = Debug;
		};
		C9D67FA62DD060C10097A10C /* Release */ = {
			isa = XCBuildConfiguration;
			baseConfigurationReferenceAnchor = C9D67F9B2DD060C00097A10C /* Filtee */;
			baseConfigurationReferenceRelativePath = Secrets.xcconfig;
			buildSettings = {
				ALWAYS_SEARCH_USER_PATHS = NO;
				ASSETCATALOG_COMPILER_GENERATE_SWIFT_ASSET_SYMBOL_EXTENSIONS = YES;
				CLANG_ANALYZER_NONNULL = YES;
				CLANG_ANALYZER_NUMBER_OBJECT_CONVERSION = YES_AGGRESSIVE;
				CLANG_CXX_LANGUAGE_STANDARD = "gnu++20";
				CLANG_ENABLE_MODULES = YES;
				CLANG_ENABLE_OBJC_ARC = YES;
				CLANG_ENABLE_OBJC_WEAK = YES;
				CLANG_WARN_BLOCK_CAPTURE_AUTORELEASING = YES;
				CLANG_WARN_BOOL_CONVERSION = YES;
				CLANG_WARN_COMMA = YES;
				CLANG_WARN_CONSTANT_CONVERSION = YES;
				CLANG_WARN_DEPRECATED_OBJC_IMPLEMENTATIONS = YES;
				CLANG_WARN_DIRECT_OBJC_ISA_USAGE = YES_ERROR;
				CLANG_WARN_DOCUMENTATION_COMMENTS = YES;
				CLANG_WARN_EMPTY_BODY = YES;
				CLANG_WARN_ENUM_CONVERSION = YES;
				CLANG_WARN_INFINITE_RECURSION = YES;
				CLANG_WARN_INT_CONVERSION = YES;
				CLANG_WARN_NON_LITERAL_NULL_CONVERSION = YES;
				CLANG_WARN_OBJC_IMPLICIT_RETAIN_SELF = YES;
				CLANG_WARN_OBJC_LITERAL_CONVERSION = YES;
				CLANG_WARN_OBJC_ROOT_CLASS = YES_ERROR;
				CLANG_WARN_QUOTED_INCLUDE_IN_FRAMEWORK_HEADER = YES;
				CLANG_WARN_RANGE_LOOP_ANALYSIS = YES;
				CLANG_WARN_STRICT_PROTOTYPES = YES;
				CLANG_WARN_SUSPICIOUS_MOVE = YES;
				CLANG_WARN_UNGUARDED_AVAILABILITY = YES_AGGRESSIVE;
				CLANG_WARN_UNREACHABLE_CODE = YES;
				CLANG_WARN__DUPLICATE_METHOD_MATCH = YES;
				COPY_PHASE_STRIP = NO;
				DEBUG_INFORMATION_FORMAT = "dwarf-with-dsym";
				ENABLE_NS_ASSERTIONS = NO;
				ENABLE_STRICT_OBJC_MSGSEND = YES;
				ENABLE_USER_SCRIPT_SANDBOXING = YES;
				GCC_C_LANGUAGE_STANDARD = gnu17;
				GCC_NO_COMMON_BLOCKS = YES;
				GCC_WARN_64_TO_32_BIT_CONVERSION = YES;
				GCC_WARN_ABOUT_RETURN_TYPE = YES_ERROR;
				GCC_WARN_UNDECLARED_SELECTOR = YES;
				GCC_WARN_UNINITIALIZED_AUTOS = YES_AGGRESSIVE;
				GCC_WARN_UNUSED_FUNCTION = YES;
				GCC_WARN_UNUSED_VARIABLE = YES;
				IPHONEOS_DEPLOYMENT_TARGET = 18.0;
				LOCALIZATION_PREFERS_STRING_CATALOGS = YES;
				MTL_ENABLE_DEBUG_INFO = NO;
				MTL_FAST_MATH = YES;
				SDKROOT = iphoneos;
				SWIFT_COMPILATION_MODE = wholemodule;
				VALIDATE_PRODUCT = YES;
			};
			name = Release;
		};
		C9D67FA82DD060C10097A10C /* Debug */ = {
			isa = XCBuildConfiguration;
			baseConfigurationReferenceAnchor = C9D67F9B2DD060C00097A10C /* Filtee */;
			baseConfigurationReferenceRelativePath = Secrets.xcconfig;
			buildSettings = {
				ASSETCATALOG_COMPILER_APPICON_NAME = AppIcon;
				ASSETCATALOG_COMPILER_GLOBAL_ACCENT_COLOR_NAME = AccentColor;
				CODE_SIGN_ENTITLEMENTS = Filtee/Filtee.entitlements;
				CODE_SIGN_STYLE = Automatic;
				CURRENT_PROJECT_VERSION = 1;
				DEVELOPMENT_ASSET_PATHS = "\"Filtee/Preview Content\"";
				DEVELOPMENT_TEAM = FNC65X95VM;
				ENABLE_PREVIEWS = YES;
				GENERATE_INFOPLIST_FILE = YES;
				INFOPLIST_FILE = Filtee/Info.plist;
				INFOPLIST_KEY_CFBundleDisplayName = "필티";
				INFOPLIST_KEY_LSApplicationCategoryType = "public.app-category.photography";
				INFOPLIST_KEY_NSPhotoLibraryUsageDescription = "사진을 선택하기 위해 사진 라이브러리 접근이 필요합니다.";
				INFOPLIST_KEY_UIApplicationSceneManifest_Generation = YES;
				INFOPLIST_KEY_UIApplicationSupportsIndirectInputEvents = YES;
				INFOPLIST_KEY_UILaunchScreen_Generation = YES;
				INFOPLIST_KEY_UISupportedInterfaceOrientations = UIInterfaceOrientationPortrait;
				INFOPLIST_KEY_UISupportedInterfaceOrientations_iPad = "UIInterfaceOrientationLandscapeLeft UIInterfaceOrientationLandscapeRight UIInterfaceOrientationPortrait UIInterfaceOrientationPortraitUpsideDown";
				IPHONEOS_DEPLOYMENT_TARGET = 16.0;
				LD_RUNPATH_SEARCH_PATHS = (
					"$(inherited)",
					"@executable_path/Frameworks",
				);
				MARKETING_VERSION = 1.0.0;
				PRODUCT_BUNDLE_IDENTIFIER = com.dohyeong.Filtee;
				PRODUCT_NAME = "$(TARGET_NAME)";
				SWIFT_EMIT_LOC_STRINGS = YES;
				SWIFT_VERSION = 6.0;
				TARGETED_DEVICE_FAMILY = "1,2";
			};
			name = Debug;
		};
		C9D67FA92DD060C10097A10C /* Release */ = {
			isa = XCBuildConfiguration;
			baseConfigurationReferenceAnchor = C9D67F9B2DD060C00097A10C /* Filtee */;
			baseConfigurationReferenceRelativePath = Secrets.xcconfig;
			buildSettings = {
				ASSETCATALOG_COMPILER_APPICON_NAME = AppIcon;
				ASSETCATALOG_COMPILER_GLOBAL_ACCENT_COLOR_NAME = AccentColor;
				CODE_SIGN_ENTITLEMENTS = Filtee/Filtee.entitlements;
				CODE_SIGN_STYLE = Automatic;
				CURRENT_PROJECT_VERSION = 1;
				DEVELOPMENT_ASSET_PATHS = "\"Filtee/Preview Content\"";
				DEVELOPMENT_TEAM = FNC65X95VM;
				ENABLE_PREVIEWS = YES;
				GENERATE_INFOPLIST_FILE = YES;
				INFOPLIST_FILE = Filtee/Info.plist;
				INFOPLIST_KEY_CFBundleDisplayName = "필티";
				INFOPLIST_KEY_LSApplicationCategoryType = "public.app-category.photography";
				INFOPLIST_KEY_NSPhotoLibraryUsageDescription = "사진을 선택하기 위해 사진 라이브러리 접근이 필요합니다.";
				INFOPLIST_KEY_UIApplicationSceneManifest_Generation = YES;
				INFOPLIST_KEY_UIApplicationSupportsIndirectInputEvents = YES;
				INFOPLIST_KEY_UILaunchScreen_Generation = YES;
				INFOPLIST_KEY_UISupportedInterfaceOrientations = UIInterfaceOrientationPortrait;
				INFOPLIST_KEY_UISupportedInterfaceOrientations_iPad = "UIInterfaceOrientationLandscapeLeft UIInterfaceOrientationLandscapeRight UIInterfaceOrientationPortrait UIInterfaceOrientationPortraitUpsideDown";
				IPHONEOS_DEPLOYMENT_TARGET = 16.0;
				LD_RUNPATH_SEARCH_PATHS = (
					"$(inherited)",
					"@executable_path/Frameworks",
				);
				MARKETING_VERSION = 1.0.0;
				PRODUCT_BUNDLE_IDENTIFIER = com.dohyeong.Filtee;
				PRODUCT_NAME = "$(TARGET_NAME)";
				SWIFT_EMIT_LOC_STRINGS = YES;
				SWIFT_VERSION = 6.0;
				TARGETED_DEVICE_FAMILY = "1,2";
			};
			name = Release;
		};
/* End XCBuildConfiguration section */

/* Begin XCConfigurationList section */
		C9D67F942DD060C00097A10C /* Build configuration list for PBXProject "Filtee" */ = {
			isa = XCConfigurationList;
			buildConfigurations = (
				C9D67FA52DD060C10097A10C /* Debug */,
				C9D67FA62DD060C10097A10C /* Release */,
			);
			defaultConfigurationIsVisible = 0;
			defaultConfigurationName = Release;
		};
		C9D67FA72DD060C10097A10C /* Build configuration list for PBXNativeTarget "Filtee" */ = {
			isa = XCConfigurationList;
			buildConfigurations = (
				C9D67FA82DD060C10097A10C /* Debug */,
				C9D67FA92DD060C10097A10C /* Release */,
			);
			defaultConfigurationIsVisible = 0;
			defaultConfigurationName = Release;
		};
/* End XCConfigurationList section */

/* Begin XCRemoteSwiftPackageReference section */
		C911F8382DDAF28300C2DF89 /* XCRemoteSwiftPackageReference "Swift-JWT" */ = {
			isa = XCRemoteSwiftPackageReference;
			repositoryURL = "https://github.com/Kitura/Swift-JWT";
			requirement = {
				kind = upToNextMajorVersion;
				minimumVersion = 4.0.2;
			};
		};
		C96367EC2DDF10AB0050FA26 /* XCRemoteSwiftPackageReference "Nuke" */ = {
			isa = XCRemoteSwiftPackageReference;
			repositoryURL = "https://github.com/kean/Nuke";
			requirement = {
				kind = upToNextMajorVersion;
				minimumVersion = 12.8.0;
			};
		};
		C96368DD2DDF6B090050FA26 /* XCRemoteSwiftPackageReference "Nuke-Alamofire-Plugin" */ = {
			isa = XCRemoteSwiftPackageReference;
			repositoryURL = "https://github.com/kean/Nuke-Alamofire-Plugin";
			requirement = {
				kind = upToNextMajorVersion;
				minimumVersion = 8.0.0;
			};
		};
		C96368E22DE076F10050FA26 /* XCRemoteSwiftPackageReference "swift-identified-collections" */ = {
			isa = XCRemoteSwiftPackageReference;
			repositoryURL = "https://github.com/pointfreeco/swift-identified-collections";
			requirement = {
				kind = upToNextMajorVersion;
				minimumVersion = 1.1.1;
			};
		};
		C96803C22E00099300A37605 /* XCRemoteSwiftPackageReference "iamport-ios" */ = {
			isa = XCRemoteSwiftPackageReference;
			repositoryURL = "https://github.com/iamport/iamport-ios";
			requirement = {
				kind = upToNextMajorVersion;
				minimumVersion = 1.4.7;
			};
		};
		C9D67FB32DD072340097A10C /* XCRemoteSwiftPackageReference "Alamofire" */ = {
			isa = XCRemoteSwiftPackageReference;
			repositoryURL = "https://github.com/Alamofire/Alamofire";
			requirement = {
				kind = upToNextMajorVersion;
				minimumVersion = 5.10.2;
			};
		};
		C9D67FB62DD072C30097A10C /* XCRemoteSwiftPackageReference "kakao-ios-sdk" */ = {
			isa = XCRemoteSwiftPackageReference;
			repositoryURL = "https://github.com/kakao/kakao-ios-sdk.git";
			requirement = {
				kind = upToNextMajorVersion;
				minimumVersion = 2.24.1;
			};
		};
/* End XCRemoteSwiftPackageReference section */

/* Begin XCSwiftPackageProductDependency section */
		C911F8392DDAF28300C2DF89 /* SwiftJWT */ = {
			isa = XCSwiftPackageProductDependency;
			package = C911F8382DDAF28300C2DF89 /* XCRemoteSwiftPackageReference "Swift-JWT" */;
			productName = SwiftJWT;
		};
		C96367ED2DDF10AB0050FA26 /* Nuke */ = {
			isa = XCSwiftPackageProductDependency;
			package = C96367EC2DDF10AB0050FA26 /* XCRemoteSwiftPackageReference "Nuke" */;
			productName = Nuke;
		};
		C96367EF2DDF10AB0050FA26 /* NukeUI */ = {
			isa = XCSwiftPackageProductDependency;
			package = C96367EC2DDF10AB0050FA26 /* XCRemoteSwiftPackageReference "Nuke" */;
			productName = NukeUI;
		};
		C96368DE2DDF6B090050FA26 /* NukeAlamofirePlugin */ = {
			isa = XCSwiftPackageProductDependency;
			package = C96368DD2DDF6B090050FA26 /* XCRemoteSwiftPackageReference "Nuke-Alamofire-Plugin" */;
			productName = NukeAlamofirePlugin;
		};
		C96368E32DE076F20050FA26 /* IdentifiedCollections */ = {
			isa = XCSwiftPackageProductDependency;
			package = C96368E22DE076F10050FA26 /* XCRemoteSwiftPackageReference "swift-identified-collections" */;
			productName = IdentifiedCollections;
		};
		C96803C32E00099300A37605 /* iamport-ios */ = {
			isa = XCSwiftPackageProductDependency;
			package = C96803C22E00099300A37605 /* XCRemoteSwiftPackageReference "iamport-ios" */;
			productName = "iamport-ios";
		};
		C9D67FB42DD072340097A10C /* Alamofire */ = {
			isa = XCSwiftPackageProductDependency;
			package = C9D67FB32DD072340097A10C /* XCRemoteSwiftPackageReference "Alamofire" */;
			productName = Alamofire;
		};
		C9D67FB72DD072C30097A10C /* KakaoSDKAuth */ = {
			isa = XCSwiftPackageProductDependency;
			package = C9D67FB62DD072C30097A10C /* XCRemoteSwiftPackageReference "kakao-ios-sdk" */;
			productName = KakaoSDKAuth;
		};
		C9D67FB92DD072C30097A10C /* KakaoSDKCommon */ = {
			isa = XCSwiftPackageProductDependency;
			package = C9D67FB62DD072C30097A10C /* XCRemoteSwiftPackageReference "kakao-ios-sdk" */;
			productName = KakaoSDKCommon;
		};
		C9D67FBB2DD072C30097A10C /* KakaoSDKUser */ = {
			isa = XCSwiftPackageProductDependency;
			package = C9D67FB62DD072C30097A10C /* XCRemoteSwiftPackageReference "kakao-ios-sdk" */;
			productName = KakaoSDKUser;
		};
/* End XCSwiftPackageProductDependency section */
	};
	rootObject = C9D67F912DD060C00097A10C /* Project object */;
}
