{
  "originHash" : "20f63956256de451090baeed0b1a53fe1af71dd5eef1b9a5dabf175e0254414f",
  "pins" : [
    {
      "identity" : "alamofire",
      "kind" : "remoteSourceControl",
      "location" : "https://github.com/Alamofire/Alamofire",
      "state" : {
        "revision" : "513364f870f6bfc468f9d2ff0a95caccc10044c5",
        "version" : "5.10.2"
      }
    },
    {
      "identity" : "kakao-ios-sdk",
      "kind" : "remoteSourceControl",
      "location" : "https://github.com/kakao/kakao-ios-sdk.git",
      "state" : {
        "revision" : "2c780b70d4197be3f72deee2fd82ea3e3b767007",
        "version" : "2.24.1"
      }
    }
  ],
  "version" : 3
}
